PODS:
  - DummyFrameworkFiveStatic (1.0.0)
  - DummyFrameworkFourStatic (1.0.0)
  - DummyFrameworkOneStatic (1.0.0)
  - DummyFrameworkSixStatic (1.0.0)
  - DummyFrameworkThreeStatic (1.0.0)
  - DummyFrameworkTwoStatic (1.0.0)

DEPENDENCIES:
  - DummyFrameworkFiveStatic
  - DummyFrameworkFourStatic
  - DummyFrameworkOneStatic
  - DummyFrameworkSixStatic
  - DummyFrameworkThreeStatic
  - DummyFrameworkTwoStatic

SPEC CHECKSUMS:
  DummyFrameworkFiveStatic: 2f0601957365f5af9f4202094d9e6c44dc6a5335
  DummyFrameworkFourStatic: de60f8c0b99faa57297074004a2ac3cf6aaec044
  DummyFrameworkOneStatic: 97e7409d70ee30f3562427248b1d50ca47aee5fc
  DummyFrameworkSixStatic: 90677ff54602c1c0d2f373f51a166444be3823c3
  DummyFrameworkThreeStatic: 77c0e9d15ccb2415365a2434cc98d3b30898f613
  DummyFrameworkTwoStatic: 37685dd9aa033de08c9294e9411588cf22990b90

PODFILE CHECKSUM: ee6d2ffba89f858ada833e32c53bf6c547566e0e

COCOAPODS: 1.3.1
