PODS:
  - DummyFrameworkFiveStatic (1.0.0)
  - DummyFrameworkFourStatic (1.0.0)
  - DummyFrameworkOneStatic (1.0.0)
  - DummyFrameworkThreeStatic (1.0.0)
  - DummyFrameworkTwoStatic (1.0.0)

DEPENDENCIES:
  - DummyFrameworkFiveStatic
  - DummyFrameworkFourStatic
  - DummyFrameworkOneStatic
  - DummyFrameworkThreeStatic
  - DummyFrameworkTwoStatic

SPEC CHECKSUMS:
  DummyFrameworkFiveStatic: 00efd4d19926683ce9b41846a85dbc32783adb78
  DummyFrameworkFourStatic: fa4206e0cc47647344b7f96f1eae8b9aefb5717d
  DummyFrameworkOneStatic: 97e7409d70ee30f3562427248b1d50ca47aee5fc
  DummyFrameworkThreeStatic: 57bfddd16dd70ed2b90396ab7380da067129865d
  DummyFrameworkTwoStatic: bc6da34c65be368342214b80244a9d1850cc892d

PODFILE CHECKSUM: 1ce1ffc29ecd18caafc28f084065c2b9aa5a4da4

COCOAPODS: 1.3.1
